github.com/yushulx/goBarcodeQrSDK v0.0.0-20220927080237-e47713e61f44 h1:4kWEeyFQKjnkIARWfI5JGh773OISYvRhDGUhs0h2F3Y=
github.com/yushulx/goBarcodeQrSDK v0.0.0-20220927080237-e47713e61f44/go.mod h1:MkRYRBeHCDkp7+KZlUUrmj2iAkV03QfmryE4LoNdqVg=
github.com/yushulx/goBarcodeQrSDK v0.0.0-20220927091523-0c7fef2b4396 h1:A7E60R02mghYIlk1AxJCbD0WnuBPhX6rNRAz/BlJ4FI=
github.com/yushulx/goBarcodeQrSDK v0.0.0-20220927091523-0c7fef2b4396/go.mod h1:MkRYRBeHCDkp7+KZlUUrmj2iAkV03QfmryE4LoNdqVg=
